
Microsoft Visual Studio Solution File, Format Version 12.00
# Visual Studio 14
VisualStudioVersion = 14.0.25420.1
MinimumVisualStudioVersion = 10.0.40219.1
Project("{FAE04EC0-301F-11D3-BF4B-00C04F79EFBC}") = "EmployeeService", "EmployeeService\EmployeeService.csproj", "{83A56549-9482-4EB5-ABA1-B2392245997D}"
EndProject
Project("{FAE04EC0-301F-11D3-BF4B-00C04F79EFBC}") = "EmployeeServiceHost", "EmployeeServiceHost\EmployeeServiceHost.csproj", "{EDE2E0D4-277E-4E74-B82F-72F75E72F8BD}"
EndProject
Global
	GlobalSection(SolutionConfigurationPlatforms) = preSolution
		Debug|Any CPU = Debug|Any CPU
		Release|Any CPU = Release|Any CPU
	EndGlobalSection
	GlobalSection(ProjectConfigurationPlatforms) = postSolution
		{83A56549-9482-4EB5-ABA1-B2392245997D}.Debug|Any CPU.ActiveCfg = Debug|Any CPU
		{83A56549-9482-4EB5-ABA1-B2392245997D}.Debug|Any CPU.Build.0 = Debug|Any CPU
		{83A56549-9482-4EB5-ABA1-B2392245997D}.Release|Any CPU.ActiveCfg = Release|Any CPU
		{83A56549-9482-4EB5-ABA1-B2392245997D}.Release|Any CPU.Build.0 = Release|Any CPU
		{EDE2E0D4-277E-4E74-B82F-72F75E72F8BD}.Debug|Any CPU.ActiveCfg = Debug|Any CPU
		{EDE2E0D4-277E-4E74-B82F-72F75E72F8BD}.Debug|Any CPU.Build.0 = Debug|Any CPU
		{EDE2E0D4-277E-4E74-B82F-72F75E72F8BD}.Release|Any CPU.ActiveCfg = Release|Any CPU
		{EDE2E0D4-277E-4E74-B82F-72F75E72F8BD}.Release|Any CPU.Build.0 = Release|Any CPU
	EndGlobalSection
	GlobalSection(SolutionProperties) = preSolution
		HideSolutionNode = FALSE
	EndGlobalSection
EndGlobal
